// !$*UTF8*$!
{
	archiveVersion = 1;
	classes = {
	};
	objectVersion = 46;
	objects = {

/* Begin PBXBuildFile section */
		3343BE0E17DDCDAF00265A7D /* dequeue.c in Sources */ = {isa = PBXBuildFile; fileRef = 3343BE0D17DDCDAF00265A7D /* dequeue.c */; };
		336F908F17FDCDFB00894383 /* seta.c in Sources */ = {isa = PBXBuildFile; fileRef = 336F908E17FDCDFB00894383 /* seta.c */; };
		33868307180C0A1400DA96A1 /* test_main.c in Sources */ = {isa = PBXBuildFile; fileRef = 33868306180C0A1400DA96A1 /* test_main.c */; };
		33868351180C12BB00DA96A1 /* utils.c in Sources */ = {isa = PBXBuildFile; fileRef = E57D41751809725D00596DA3 /* utils.c */; };
		33868352180C12C900DA96A1 /* logger.c in Sources */ = {isa = PBXBuildFile; fileRef = 338D4C6E1804487E003003EA /* logger.c */; };
		33868353180C12CC00DA96A1 /* processor.c in Sources */ = {isa = PBXBuildFile; fileRef = 33AD19E61803052300A817B6 /* processor.c */; };
		33868354180C12D500DA96A1 /* closure.c in Sources */ = {isa = PBXBuildFile; fileRef = 3394A08F17DF87480045EEBC /* closure.c */; };
		33868355180C12D800DA96A1 /* scheduler.c in Sources */ = {isa = PBXBuildFile; fileRef = 33F5D85317E206AD00370461 /* scheduler.c */; };
		33868356180C12DE00DA96A1 /* ready_queue.c in Sources */ = {isa = PBXBuildFile; fileRef = 3394A05B17DF3ECE0045EEBC /* ready_queue.c */; };
		33868357180C12E100DA96A1 /* dequeue.c in Sources */ = {isa = PBXBuildFile; fileRef = 3343BE0D17DDCDAF00265A7D /* dequeue.c */; };
		338D4C6F1804487E003003EA /* logger.c in Sources */ = {isa = PBXBuildFile; fileRef = 338D4C6E1804487E003003EA /* logger.c */; };
		3394A05C17DF3ECE0045EEBC /* ready_queue.c in Sources */ = {isa = PBXBuildFile; fileRef = 3394A05B17DF3ECE0045EEBC /* ready_queue.c */; };
		3394A09017DF87480045EEBC /* closure.c in Sources */ = {isa = PBXBuildFile; fileRef = 3394A08F17DF87480045EEBC /* closure.c */; };
		33AD19E71803052300A817B6 /* processor.c in Sources */ = {isa = PBXBuildFile; fileRef = 33AD19E61803052300A817B6 /* processor.c */; };
		33F5D85417E206AD00370461 /* scheduler.c in Sources */ = {isa = PBXBuildFile; fileRef = 33F5D85317E206AD00370461 /* scheduler.c */; };
		8DD76FAC0486AB0100D96B5E /* main.c in Sources */ = {isa = PBXBuildFile; fileRef = 08FB7796FE84155DC02AAC07 /* main.c */; settings = {ATTRIBUTES = (); }; };
		E57D41771809725D00596DA3 /* utils.c in Sources */ = {isa = PBXBuildFile; fileRef = E57D41751809725D00596DA3 /* utils.c */; };
/* End PBXBuildFile section */

/* Begin PBXCopyFilesBuildPhase section */
		8DD76FAF0486AB0100D96B5E /* CopyFiles */ = {
			isa = PBXCopyFilesBuildPhase;
			buildActionMask = 8;
			dstPath = /usr/share/man/man1/;
			dstSubfolderSpec = 0;
			files = (
			);
			runOnlyForDeploymentPostprocessing = 1;
		};
/* End PBXCopyFilesBuildPhase section */

/* Begin PBXFileReference section */
		08FB7796FE84155DC02AAC07 /* main.c */ = {isa = PBXFileReference; fileEncoding = 4; lastKnownFileType = sourcecode.c.c; path = main.c; sourceTree = "<group>"; };
		3343BE0C17DDCDAF00265A7D /* dequeue.h */ = {isa = PBXFileReference; fileEncoding = 4; lastKnownFileType = sourcecode.c.h; path = dequeue.h; sourceTree = "<group>"; };
		3343BE0D17DDCDAF00265A7D /* dequeue.c */ = {isa = PBXFileReference; fileEncoding = 4; lastKnownFileType = sourcecode.c.c; path = dequeue.c; sourceTree = "<group>"; };
		336F903D17FD770000894383 /* notes */ = {isa = PBXFileReference; fileEncoding = 4; lastKnownFileType = text; path = notes; sourceTree = "<group>"; };
		336F908D17FDCDFB00894383 /* seta.h */ = {isa = PBXFileReference; fileEncoding = 4; lastKnownFileType = sourcecode.c.h; path = seta.h; sourceTree = "<group>"; };
		336F908E17FDCDFB00894383 /* seta.c */ = {isa = PBXFileReference; fileEncoding = 4; lastKnownFileType = sourcecode.c.c; path = seta.c; sourceTree = "<group>"; };
		338682EA180C090C00DA96A1 /* test */ = {isa = PBXFileReference; explicitFileType = "compiled.mach-o.executable"; includeInIndex = 0; path = test; sourceTree = BUILT_PRODUCTS_DIR; };
		33868305180C0A1400DA96A1 /* test_main.h */ = {isa = PBXFileReference; fileEncoding = 4; lastKnownFileType = sourcecode.c.h; name = test_main.h; path = test/test_main.h; sourceTree = "<group>"; };
		33868306180C0A1400DA96A1 /* test_main.c */ = {isa = PBXFileReference; fileEncoding = 4; lastKnownFileType = sourcecode.c.c; name = test_main.c; path = test/test_main.c; sourceTree = "<group>"; };
		338D4C6D1804487E003003EA /* logger.h */ = {isa = PBXFileReference; fileEncoding = 4; lastKnownFileType = sourcecode.c.h; path = logger.h; sourceTree = "<group>"; };
		338D4C6E1804487E003003EA /* logger.c */ = {isa = PBXFileReference; fileEncoding = 4; lastKnownFileType = sourcecode.c.c; path = logger.c; sourceTree = "<group>"; };
		3394A05A17DF3ECE0045EEBC /* ready_queue.h */ = {isa = PBXFileReference; fileEncoding = 4; lastKnownFileType = sourcecode.c.h; path = ready_queue.h; sourceTree = "<group>"; };
		3394A05B17DF3ECE0045EEBC /* ready_queue.c */ = {isa = PBXFileReference; fileEncoding = 4; lastKnownFileType = sourcecode.c.c; path = ready_queue.c; sourceTree = "<group>"; };
		3394A08E17DF87480045EEBC /* closure.h */ = {isa = PBXFileReference; fileEncoding = 4; lastKnownFileType = sourcecode.c.h; path = closure.h; sourceTree = "<group>"; };
		3394A08F17DF87480045EEBC /* closure.c */ = {isa = PBXFileReference; fileEncoding = 4; lastKnownFileType = sourcecode.c.c; path = closure.c; sourceTree = "<group>"; };
		33AD19E51803052300A817B6 /* processor.h */ = {isa = PBXFileReference; fileEncoding = 4; lastKnownFileType = sourcecode.c.h; path = processor.h; sourceTree = "<group>"; };
		33AD19E61803052300A817B6 /* processor.c */ = {isa = PBXFileReference; fileEncoding = 4; lastKnownFileType = sourcecode.c.c; path = processor.c; sourceTree = "<group>"; };
		33F5D85217E206AD00370461 /* scheduler.h */ = {isa = PBXFileReference; fileEncoding = 4; lastKnownFileType = sourcecode.c.h; path = scheduler.h; sourceTree = "<group>"; };
		33F5D85317E206AD00370461 /* scheduler.c */ = {isa = PBXFileReference; fileEncoding = 4; lastKnownFileType = sourcecode.c.c; path = scheduler.c; sourceTree = "<group>"; };
		8DD76FB20486AB0100D96B5E /* seta */ = {isa = PBXFileReference; explicitFileType = "compiled.mach-o.executable"; includeInIndex = 0; path = seta; sourceTree = BUILT_PRODUCTS_DIR; };
		E57D41741809725D00596DA3 /* README.md */ = {isa = PBXFileReference; fileEncoding = 4; lastKnownFileType = text; path = README.md; sourceTree = "<group>"; };
		E57D41751809725D00596DA3 /* utils.c */ = {isa = PBXFileReference; fileEncoding = 4; lastKnownFileType = sourcecode.c.c; path = utils.c; sourceTree = "<group>"; };
		E57D41761809725D00596DA3 /* utils.h */ = {isa = PBXFileReference; fileEncoding = 4; lastKnownFileType = sourcecode.c.h; path = utils.h; sourceTree = "<group>"; };
/* End PBXFileReference section */

/* Begin PBXFrameworksBuildPhase section */
		338682E8180C090C00DA96A1 /* Frameworks */ = {
			isa = PBXFrameworksBuildPhase;
			buildActionMask = 2147483647;
			files = (
			);
			runOnlyForDeploymentPostprocessing = 0;
		};
		8DD76FAD0486AB0100D96B5E /* Frameworks */ = {
			isa = PBXFrameworksBuildPhase;
			buildActionMask = 2147483647;
			files = (
			);
			runOnlyForDeploymentPostprocessing = 0;
		};
/* End PBXFrameworksBuildPhase section */

/* Begin PBXGroup section */
		08FB7794FE84155DC02AAC07 /* stealing-work scheduler */ = {
			isa = PBXGroup;
			children = (
				338682E4180C079500DA96A1 /* Test */,
				08FB7795FE84155DC02AAC07 /* Source */,
				C6A0FF2B0290797F04C91782 /* Documentation */,
				1AB674ADFE9D54B511CA2CBB /* Products */,
			);
			name = "stealing-work scheduler";
			sourceTree = "<group>";
		};
		08FB7795FE84155DC02AAC07 /* Source */ = {
			isa = PBXGroup;
			children = (
				E57D41761809725D00596DA3 /* utils.h */,
				E57D41751809725D00596DA3 /* utils.c */,
				33AD19E51803052300A817B6 /* processor.h */,
				33AD19E61803052300A817B6 /* processor.c */,
				3394A05A17DF3ECE0045EEBC /* ready_queue.h */,
				3394A05B17DF3ECE0045EEBC /* ready_queue.c */,
				08FB7796FE84155DC02AAC07 /* main.c */,
				3343BE0C17DDCDAF00265A7D /* dequeue.h */,
				3343BE0D17DDCDAF00265A7D /* dequeue.c */,
				3394A08E17DF87480045EEBC /* closure.h */,
				3394A08F17DF87480045EEBC /* closure.c */,
				33F5D85217E206AD00370461 /* scheduler.h */,
				33F5D85317E206AD00370461 /* scheduler.c */,
				336F908D17FDCDFB00894383 /* seta.h */,
				336F908E17FDCDFB00894383 /* seta.c */,
				338D4C6D1804487E003003EA /* logger.h */,
				338D4C6E1804487E003003EA /* logger.c */,
			);
			name = Source;
			sourceTree = "<group>";
		};
		1AB674ADFE9D54B511CA2CBB /* Products */ = {
			isa = PBXGroup;
			children = (
				8DD76FB20486AB0100D96B5E /* seta */,
				338682EA180C090C00DA96A1 /* test */,
			);
			name = Products;
			sourceTree = "<group>";
		};
		338682E4180C079500DA96A1 /* Test */ = {
			isa = PBXGroup;
			children = (
				33868305180C0A1400DA96A1 /* test_main.h */,
				33868306180C0A1400DA96A1 /* test_main.c */,
			);
			name = Test;
			sourceTree = "<group>";
		};
		C6A0FF2B0290797F04C91782 /* Documentation */ = {
			isa = PBXGroup;
			children = (
				E57D41741809725D00596DA3 /* README.md */,
				336F903D17FD770000894383 /* notes */,
			);
			name = Documentation;
			sourceTree = "<group>";
		};
/* End PBXGroup section */

/* Begin PBXNativeTarget section */
		338682E9180C090C00DA96A1 /* test */ = {
			isa = PBXNativeTarget;
			buildConfigurationList = 33868300180C092000DA96A1 /* Build configuration list for PBXNativeTarget "test" */;
			buildPhases = (
				338682E7180C090C00DA96A1 /* Sources */,
				338682E8180C090C00DA96A1 /* Frameworks */,
			);
			buildRules = (
			);
			dependencies = (
			);
			name = test;
			productName = test;
			productReference = 338682EA180C090C00DA96A1 /* test */;
			productType = "com.apple.product-type.tool";
		};
		8DD76FA90486AB0100D96B5E /* seta */ = {
			isa = PBXNativeTarget;
			buildConfigurationList = 1DEB928508733DD80010E9CD /* Build configuration list for PBXNativeTarget "seta" */;
			buildPhases = (
				8DD76FAB0486AB0100D96B5E /* Sources */,
				8DD76FAD0486AB0100D96B5E /* Frameworks */,
				8DD76FAF0486AB0100D96B5E /* CopyFiles */,
			);
			buildRules = (
			);
			dependencies = (
			);
			name = seta;
			productInstallPath = "$(HOME)/bin";
			productName = "stealing-work scheduler";
			productReference = 8DD76FB20486AB0100D96B5E /* seta */;
			productType = "com.apple.product-type.tool";
		};
/* End PBXNativeTarget section */

/* Begin PBXProject section */
		08FB7793FE84155DC02AAC07 /* Project object */ = {
			isa = PBXProject;
			attributes = {
				LastUpgradeCheck = 0500;
				ORGANIZATIONNAME = "Erlang Solutions";
			};
			buildConfigurationList = 1DEB928908733DD80010E9CD /* Build configuration list for PBXProject "seta" */;
			compatibilityVersion = "Xcode 3.2";
			developmentRegion = English;
			hasScannedForEncodings = 1;
			knownRegions = (
				English,
				Japanese,
				French,
				German,
			);
			mainGroup = 08FB7794FE84155DC02AAC07 /* stealing-work scheduler */;
			projectDirPath = "";
			projectRoot = "";
			targets = (
				8DD76FA90486AB0100D96B5E /* seta */,
				338682E9180C090C00DA96A1 /* test */,
			);
		};
/* End PBXProject section */

/* Begin PBXSourcesBuildPhase section */
		338682E7180C090C00DA96A1 /* Sources */ = {
			isa = PBXSourcesBuildPhase;
			buildActionMask = 2147483647;
			files = (
				33868357180C12E100DA96A1 /* dequeue.c in Sources */,
				33868356180C12DE00DA96A1 /* ready_queue.c in Sources */,
				33868355180C12D800DA96A1 /* scheduler.c in Sources */,
				33868354180C12D500DA96A1 /* closure.c in Sources */,
				33868353180C12CC00DA96A1 /* processor.c in Sources */,
				33868352180C12C900DA96A1 /* logger.c in Sources */,
				33868351180C12BB00DA96A1 /* utils.c in Sources */,
				33868307180C0A1400DA96A1 /* test_main.c in Sources */,
			);
			runOnlyForDeploymentPostprocessing = 0;
		};
		8DD76FAB0486AB0100D96B5E /* Sources */ = {
			isa = PBXSourcesBuildPhase;
			buildActionMask = 2147483647;
			files = (
				8DD76FAC0486AB0100D96B5E /* main.c in Sources */,
				3343BE0E17DDCDAF00265A7D /* dequeue.c in Sources */,
				3394A05C17DF3ECE0045EEBC /* ready_queue.c in Sources */,
				E57D41771809725D00596DA3 /* utils.c in Sources */,
				3394A09017DF87480045EEBC /* closure.c in Sources */,
				33F5D85417E206AD00370461 /* scheduler.c in Sources */,
				336F908F17FDCDFB00894383 /* seta.c in Sources */,
				33AD19E71803052300A817B6 /* processor.c in Sources */,
				338D4C6F1804487E003003EA /* logger.c in Sources */,
			);
			runOnlyForDeploymentPostprocessing = 0;
		};
/* End PBXSourcesBuildPhase section */

/* Begin XCBuildConfiguration section */
		1DEB928608733DD80010E9CD /* Debug */ = {
			isa = XCBuildConfiguration;
			buildSettings = {
				ALWAYS_SEARCH_USER_PATHS = NO;
				COPY_PHASE_STRIP = NO;
				GCC_DYNAMIC_NO_PIC = NO;
				GCC_ENABLE_FIX_AND_CONTINUE = YES;
				GCC_MODEL_TUNING = G5;
				GCC_OPTIMIZATION_LEVEL = 0;
				INSTALL_PATH = /usr/local/bin;
				PRODUCT_NAME = seta;
			};
			name = Debug;
		};
		1DEB928708733DD80010E9CD /* Release */ = {
			isa = XCBuildConfiguration;
			buildSettings = {
				ALWAYS_SEARCH_USER_PATHS = NO;
				DEBUG_INFORMATION_FORMAT = "dwarf-with-dsym";
				GCC_MODEL_TUNING = G5;
				INSTALL_PATH = /usr/local/bin;
				PRODUCT_NAME = seta;
			};
			name = Release;
		};
		1DEB928A08733DD80010E9CD /* Debug */ = {
			isa = XCBuildConfiguration;
			buildSettings = {
				GCC_C_LANGUAGE_STANDARD = gnu99;
				GCC_OPTIMIZATION_LEVEL = 0;
				GCC_WARN_ABOUT_RETURN_TYPE = YES;
				GCC_WARN_UNUSED_VARIABLE = YES;
				ONLY_ACTIVE_ARCH = YES;
				PREBINDING = NO;
				SCAN_ALL_SOURCE_FILES_FOR_INCLUDES = NO;
				SDKROOT = macosx;
			};
			name = Debug;
		};
		1DEB928B08733DD80010E9CD /* Release */ = {
			isa = XCBuildConfiguration;
			buildSettings = {
				GCC_C_LANGUAGE_STANDARD = gnu99;
				GCC_WARN_ABOUT_RETURN_TYPE = YES;
				GCC_WARN_UNUSED_VARIABLE = YES;
				PREBINDING = NO;
				SDKROOT = macosx;
			};
			name = Release;
		};
		338682EC180C090C00DA96A1 /* Debug */ = {
			isa = XCBuildConfiguration;
			buildSettings = {
				ALWAYS_SEARCH_USER_PATHS = NO;
				COPY_PHASE_STRIP = NO;
				GCC_DYNAMIC_NO_PIC = NO;
				GCC_ENABLE_FIX_AND_CONTINUE = YES;
				GCC_MODEL_TUNING = G5;
				GCC_OPTIMIZATION_LEVEL = 0;
				INSTALL_PATH = /usr/local/bin;
				PREBINDING = NO;
				PRODUCT_NAME = test;
			};
			name = Debug;
		};
		338682ED180C090C00DA96A1 /* Release */ = {
			isa = XCBuildConfiguration;
			buildSettings = {
				ALWAYS_SEARCH_USER_PATHS = NO;
				COPY_PHASE_STRIP = YES;
				DEBUG_INFORMATION_FORMAT = "dwarf-with-dsym";
				GCC_ENABLE_FIX_AND_CONTINUE = NO;
				GCC_MODEL_TUNING = G5;
				INSTALL_PATH = /usr/local/bin;
				PREBINDING = NO;
				PRODUCT_NAME = test;
				ZERO_LINK = NO;
			};
			name = Release;
		};
/* End XCBuildConfiguration section */

/* Begin XCConfigurationList section */
		1DEB928508733DD80010E9CD /* Build configuration list for PBXNativeTarget "seta" */ = {
			isa = XCConfigurationList;
			buildConfigurations = (
				1DEB928608733DD80010E9CD /* Debug */,
				1DEB928708733DD80010E9CD /* Release */,
			);
			defaultConfigurationIsVisible = 0;
			defaultConfigurationName = Release;
		};
		1DEB928908733DD80010E9CD /* Build configuration list for PBXProject "seta" */ = {
			isa = XCConfigurationList;
			buildConfigurations = (
				1DEB928A08733DD80010E9CD /* Debug */,
				1DEB928B08733DD80010E9CD /* Release */,
			);
			defaultConfigurationIsVisible = 0;
			defaultConfigurationName = Release;
		};
		33868300180C092000DA96A1 /* Build configuration list for PBXNativeTarget "test" */ = {
			isa = XCConfigurationList;
			buildConfigurations = (
				338682EC180C090C00DA96A1 /* Debug */,
				338682ED180C090C00DA96A1 /* Release */,
			);
			defaultConfigurationIsVisible = 0;
			defaultConfigurationName = Release;
		};
/* End XCConfigurationList section */
	};
	rootObject = 08FB7793FE84155DC02AAC07 /* Project object */;
}
